
Microsoft Visual Studio Solution File, Format Version 12.00
# Visual Studio Version 16
VisualStudioVersion = 16.0.32002.261
MinimumVisualStudioVersion = 10.0.40219.1
Project("{9A19103F-16F7-4668-BE54-9A1E7A4F7556}") = "Analytic4Tests", "Analytic4Tests\Analytic4Tests.csproj", "{C8F153AC-EF25-4973-88E2-35EDB7B33AB7}"
EndProject
Global
	GlobalSection(SolutionConfigurationPlatforms) = preSolution
		Debug|Any CPU = Debug|Any CPU
		Release|Any CPU = Release|Any CPU
	EndGlobalSection
	GlobalSection(ProjectConfigurationPlatforms) = postSolution
		{C8F153AC-EF25-4973-88E2-35EDB7B33AB7}.Debug|Any CPU.ActiveCfg = Debug|Any CPU
		{C8F153AC-EF25-4973-88E2-35EDB7B33AB7}.Debug|Any CPU.Build.0 = Debug|Any CPU
		{C8F153AC-EF25-4973-88E2-35EDB7B33AB7}.Release|Any CPU.ActiveCfg = Release|Any CPU
		{C8F153AC-EF25-4973-88E2-35EDB7B33AB7}.Release|Any CPU.Build.0 = Release|Any CPU
	EndGlobalSection
	GlobalSection(SolutionProperties) = preSolution
		HideSolutionNode = FALSE
	EndGlobalSection
	GlobalSection(ExtensibilityGlobals) = postSolution
		SolutionGuid = {EDF637C4-D884-4683-9386-BC4B2D8647BF}
	EndGlobalSection
EndGlobal
